
Microsoft Visual Studio Solution File, Format Version 12.00
# Visual Studio Version 17
VisualStudioVersion = 17.7.33927.210
MinimumVisualStudioVersion = 10.0.40219.1
Project("{FAE04EC0-301F-11D3-BF4B-00C04F79EFBC}") = "WordCombiner.Application", "WordCombiner.Application\WordCombiner.Application.csproj", "{0FA5093E-EB19-4721-9562-DA9846D8987D}"
EndProject
Project("{FAE04EC0-301F-11D3-BF4B-00C04F79EFBC}") = "WordCombiner.Api", "WordCombiner.Api\WordCombiner.Api.csproj", "{1179BDE0-FCD2-4386-9D8C-2224641D61A6}"
EndProject
Project("{9A19103F-16F7-4668-BE54-9A1E7A4F7556}") = "WordCombiner.Console", "WordCombiner.Console\WordCombiner.Console.csproj", "{7596D2BE-B57B-42C3-A9C2-7DD96265E1A7}"
EndProject
Project("{FAE04EC0-301F-11D3-BF4B-00C04F79EFBC}") = "WordCombiner.UnitTests", "Wordcombiner.UnitTests\WordCombiner.UnitTests.csproj", "{3EB3DCE8-D7CF-4BED-8658-414A1197DEF4}"
EndProject
Global
	GlobalSection(SolutionConfigurationPlatforms) = preSolution
		Debug|Any CPU = Debug|Any CPU
		Release|Any CPU = Release|Any CPU
	EndGlobalSection
	GlobalSection(ProjectConfigurationPlatforms) = postSolution
		{0FA5093E-EB19-4721-9562-DA9846D8987D}.Debug|Any CPU.ActiveCfg = Debug|Any CPU
		{0FA5093E-EB19-4721-9562-DA9846D8987D}.Debug|Any CPU.Build.0 = Debug|Any CPU
		{0FA5093E-EB19-4721-9562-DA9846D8987D}.Release|Any CPU.ActiveCfg = Release|Any CPU
		{0FA5093E-EB19-4721-9562-DA9846D8987D}.Release|Any CPU.Build.0 = Release|Any CPU
		{1179BDE0-FCD2-4386-9D8C-2224641D61A6}.Debug|Any CPU.ActiveCfg = Debug|Any CPU
		{1179BDE0-FCD2-4386-9D8C-2224641D61A6}.Debug|Any CPU.Build.0 = Debug|Any CPU
		{1179BDE0-FCD2-4386-9D8C-2224641D61A6}.Release|Any CPU.ActiveCfg = Release|Any CPU
		{1179BDE0-FCD2-4386-9D8C-2224641D61A6}.Release|Any CPU.Build.0 = Release|Any CPU
		{7596D2BE-B57B-42C3-A9C2-7DD96265E1A7}.Debug|Any CPU.ActiveCfg = Debug|Any CPU
		{7596D2BE-B57B-42C3-A9C2-7DD96265E1A7}.Debug|Any CPU.Build.0 = Debug|Any CPU
		{7596D2BE-B57B-42C3-A9C2-7DD96265E1A7}.Release|Any CPU.ActiveCfg = Release|Any CPU
		{7596D2BE-B57B-42C3-A9C2-7DD96265E1A7}.Release|Any CPU.Build.0 = Release|Any CPU
		{3EB3DCE8-D7CF-4BED-8658-414A1197DEF4}.Debug|Any CPU.ActiveCfg = Debug|Any CPU
		{3EB3DCE8-D7CF-4BED-8658-414A1197DEF4}.Debug|Any CPU.Build.0 = Debug|Any CPU
		{3EB3DCE8-D7CF-4BED-8658-414A1197DEF4}.Release|Any CPU.ActiveCfg = Release|Any CPU
		{3EB3DCE8-D7CF-4BED-8658-414A1197DEF4}.Release|Any CPU.Build.0 = Release|Any CPU
	EndGlobalSection
	GlobalSection(SolutionProperties) = preSolution
		HideSolutionNode = FALSE
	EndGlobalSection
	GlobalSection(ExtensibilityGlobals) = postSolution
		SolutionGuid = {E2B3F3F7-D88F-4294-B18C-A4934E00CA0A}
	EndGlobalSection
EndGlobal
